
Microsoft Visual Studio Solution File, Format Version 12.00
# Visual Studio 15
Project("{FAE04EC0-301F-11D3-BF4B-00C04F79EFBC}") = "DangEasy.Detokenizing", "DangEasy.Detokenizing\DangEasy.Detokenizing.csproj", "{2FB3FF69-09C9-4E45-BE80-5C49698BF8FF}"
EndProject
Project("{FAE04EC0-301F-11D3-BF4B-00C04F79EFBC}") = "DangEasy.Detokenizing.Test", "DangEasy.Detokenizing.Test\DangEasy.Detokenizing.Test.csproj", "{283A8CDE-C777-48C8-B2D7-CC05C83E34A1}"
EndProject
Global
	GlobalSection(SolutionConfigurationPlatforms) = preSolution
		Debug|Any CPU = Debug|Any CPU
		Release|Any CPU = Release|Any CPU
	EndGlobalSection
	GlobalSection(ProjectConfigurationPlatforms) = postSolution
		{2FB3FF69-09C9-4E45-BE80-5C49698BF8FF}.Debug|Any CPU.ActiveCfg = Debug|Any CPU
		{2FB3FF69-09C9-4E45-BE80-5C49698BF8FF}.Debug|Any CPU.Build.0 = Debug|Any CPU
		{2FB3FF69-09C9-4E45-BE80-5C49698BF8FF}.Release|Any CPU.ActiveCfg = Release|Any CPU
		{2FB3FF69-09C9-4E45-BE80-5C49698BF8FF}.Release|Any CPU.Build.0 = Release|Any CPU
		{283A8CDE-C777-48C8-B2D7-CC05C83E34A1}.Debug|Any CPU.ActiveCfg = Debug|Any CPU
		{283A8CDE-C777-48C8-B2D7-CC05C83E34A1}.Debug|Any CPU.Build.0 = Debug|Any CPU
		{283A8CDE-C777-48C8-B2D7-CC05C83E34A1}.Release|Any CPU.ActiveCfg = Release|Any CPU
		{283A8CDE-C777-48C8-B2D7-CC05C83E34A1}.Release|Any CPU.Build.0 = Release|Any CPU
	EndGlobalSection
EndGlobal
